
Microsoft Visual Studio Solution File, Format Version 12.00
# Visual Studio 15
Project("{FAE04EC0-301F-11D3-BF4B-00C04F79EFBC}") = "Assembly-CSharp", "Assembly-CSharp.csproj", "{D14B092B-D407-4133-4751-837E8F2F292C}"
EndProject
Project("{FAE04EC0-301F-11D3-BF4B-00C04F79EFBC}") = "Assembly-CSharp-Editor", "Assembly-CSharp-Editor.csproj", "{9C941A1C-460B-C8F6-9BFC-8FE944900BE1}"
EndProject
Global
	GlobalSection(SolutionConfigurationPlatforms) = preSolution
		Debug|Any CPU = Debug|Any CPU
		Release|Any CPU = Release|Any CPU
	EndGlobalSection
	GlobalSection(ProjectConfigurationPlatforms) = postSolution
		{D14B092B-D407-4133-4751-837E8F2F292C}.Debug|Any CPU.ActiveCfg = Debug|Any CPU
		{D14B092B-D407-4133-4751-837E8F2F292C}.Debug|Any CPU.Build.0 = Debug|Any CPU
		{D14B092B-D407-4133-4751-837E8F2F292C}.Release|Any CPU.ActiveCfg = Release|Any CPU
		{D14B092B-D407-4133-4751-837E8F2F292C}.Release|Any CPU.Build.0 = Release|Any CPU
		{9C941A1C-460B-C8F6-9BFC-8FE944900BE1}.Debug|Any CPU.ActiveCfg = Debug|Any CPU
		{9C941A1C-460B-C8F6-9BFC-8FE944900BE1}.Debug|Any CPU.Build.0 = Debug|Any CPU
		{9C941A1C-460B-C8F6-9BFC-8FE944900BE1}.Release|Any CPU.ActiveCfg = Release|Any CPU
		{9C941A1C-460B-C8F6-9BFC-8FE944900BE1}.Release|Any CPU.Build.0 = Release|Any CPU
	EndGlobalSection
	GlobalSection(SolutionProperties) = preSolution
		HideSolutionNode = FALSE
	EndGlobalSection
EndGlobal
